<?xml version="1.0" encoding="utf-8"?>
<Project ToolsVersion="4.0" xmlns="http://schemas.microsoft.com/developer/msbuild/2003">
  <ItemGroup>
    <Filter Include="源文件">
      <UniqueIdentifier>{4FC737F1-C7A5-4376-A066-2A32D752A2FF}</UniqueIdentifier>
      <Extensions>cpp;c;cc;cxx;def;odl;idl;hpj;bat;asm;asmx</Extensions>
    </Filter>
    <Filter Include="头文件">
      <UniqueIdentifier>{93995380-89BD-4b04-88EB-625FBE52EBFB}</UniqueIdentifier>
      <Extensions>h;hh;hpp;hxx;hm;inl;inc;xsd</Extensions>
    </Filter>
    <Filter Include="资源文件">
      <UniqueIdentifier>{67DA6AB6-F800-4c08-8B7A-83BB121AAD01}</UniqueIdentifier>
      <Extensions>rc;ico;cur;bmp;dlg;rc2;rct;bin;rgs;gif;jpg;jpeg;jpe;resx;tiff;tif;png;wav;mfcribbon-ms</Extensions>
    </Filter>
    <Filter Include="shader">
      <UniqueIdentifier>{a98c6f53-cc18-48e7-a1f4-d1debc2098eb}</UniqueIdentifier>
    </Filter>
  </ItemGroup>
  <ItemGroup>
    <ClInclude Include="stdafx.h">
      <Filter>头文件</Filter>
    </ClInclude>
    <ClInclude Include="WndStuff.h">
      <Filter>头文件</Filter>
    </ClInclude>
    <ClInclude Include="wxUtil.h">
      <Filter>头文件</Filter>
    </ClInclude>
    <ClInclude Include="wxTimer.h">
      <Filter>头文件</Filter>
    </ClInclude>
    <ClInclude Include="wxGraphicD3D12.h">
      <Filter>头文件</Filter>
    </ClInclude>
    <ClInclude Include="FileLoader.h">
      <Filter>头文件</Filter>
    </ClInclude>
    <ClInclude Include="Common.h">
      <Filter>头文件</Filter>
    </ClInclude>
    <ClInclude Include="Mathmatic.h">
      <Filter>头文件</Filter>
    </ClInclude>
    <ClInclude Include="GraphicD3D12.h">
      <Filter>头文件</Filter>
    </ClInclude>
    <ClInclude Include="DataBuffer.h">
      <Filter>头文件</Filter>
    </ClInclude>
    <ClInclude Include="BMPDecoder.h">
      <Filter>头文件</Filter>
    </ClInclude>
  </ItemGroup>
  <ItemGroup>
    <ClCompile Include="wxGame.cpp">
      <Filter>源文件</Filter>
    </ClCompile>
    <ClCompile Include="WndStuff.cpp">
      <Filter>源文件</Filter>
    </ClCompile>
    <ClCompile Include="wxUtil.cpp">
      <Filter>源文件</Filter>
    </ClCompile>
    <ClCompile Include="wxTimer.cpp">
      <Filter>源文件</Filter>
    </ClCompile>
    <ClCompile Include="wxGraphicD3D12.cpp">
      <Filter>源文件</Filter>
    </ClCompile>
    <ClCompile Include="FileLoader.cpp">
      <Filter>源文件</Filter>
    </ClCompile>
    <ClCompile Include="Common.cpp">
      <Filter>源文件</Filter>
    </ClCompile>
    <ClCompile Include="GraphicD3D12.cpp">
      <Filter>源文件</Filter>
    </ClCompile>
    <ClCompile Include="DataBuffer.cpp">
      <Filter>源文件</Filter>
    </ClCompile>
    <ClCompile Include="BMPDecoder.cpp">
      <Filter>源文件</Filter>
    </ClCompile>
  </ItemGroup>
  <ItemGroup>
    <FxCompile Include="wxVS.hlsl">
      <Filter>shader</Filter>
    </FxCompile>
    <FxCompile Include="wxPS.hlsl">
      <Filter>shader</Filter>
    </FxCompile>
  </ItemGroup>
</Project>