<?xml version="1.0" encoding="utf-8"?>
<Project ToolsVersion="4.0" xmlns="http://schemas.microsoft.com/developer/msbuild/2003">
  <ItemGroup>
    <ClCompile Include="BMPDecoder.cpp">
      <Filter>Source Files</Filter>
    </ClCompile>
    <ClCompile Include="DataBuffer.cpp">
      <Filter>Source Files</Filter>
    </ClCompile>
    <ClCompile Include="GraphicD3D12.cpp">
      <Filter>Source Files</Filter>
    </ClCompile>
    <ClCompile Include="FileLoader.cpp">
      <Filter>Source Files</Filter>
    </ClCompile>
    <ClCompile Include="Win32Application.cpp">
      <Filter>Source Files</Filter>
    </ClCompile>
    <ClCompile Include="wxGraphicD3D12.cpp">
      <Filter>Source Files</Filter>
    </ClCompile>
    <ClCompile Include="stdafx.cpp">
      <Filter>Source Files</Filter>
    </ClCompile>
    <ClCompile Include="Main.cpp">
      <Filter>Source Files</Filter>
    </ClCompile>
    <ClCompile Include="SceneObject.cpp">
      <Filter>Source Files</Filter>
    </ClCompile>
    <ClCompile Include="SceneDecoder.h">
      <Filter>Header Files</Filter>
    </ClCompile>
    <ClCompile Include="OpenGEXDecoder.h">
      <Filter>Header Files</Filter>
    </ClCompile>
    <ClCompile Include="SceneManager.cpp">
      <Filter>Source Files</Filter>
    </ClCompile>
    <ClCompile Include="Scene.cpp">
      <Filter>Source Files</Filter>
    </ClCompile>
    <ClCompile Include="wxTimer.cpp">
      <Filter>Source Files</Filter>
    </ClCompile>
    <ClCompile Include="Intersection.cpp">
      <Filter>Source Files</Filter>
    </ClCompile>
    <ClCompile Include="wxDeviceInput.cpp">
      <Filter>Source Files</Filter>
    </ClCompile>
    <ClCompile Include="Mesh.cpp">
      <Filter>Source Files</Filter>
    </ClCompile>
  </ItemGroup>
  <ItemGroup>
    <ClInclude Include="BMPDecoder.h">
      <Filter>Header Files</Filter>
    </ClInclude>
    <ClInclude Include="DataBuffer.h">
      <Filter>Header Files</Filter>
    </ClInclude>
    <ClInclude Include="GraphicD3D12.h">
      <Filter>Header Files</Filter>
    </ClInclude>
    <ClInclude Include="DXSampleHelper.h">
      <Filter>Header Files</Filter>
    </ClInclude>
    <ClInclude Include="FileLoader.h">
      <Filter>Header Files</Filter>
    </ClInclude>
    <ClInclude Include="Mathmatic.h">
      <Filter>Header Files</Filter>
    </ClInclude>
    <ClInclude Include="Win32Application.h">
      <Filter>Header Files</Filter>
    </ClInclude>
    <ClInclude Include="wxGraphicD3D12.h">
      <Filter>Header Files</Filter>
    </ClInclude>
    <ClInclude Include="stdafx.h">
      <Filter>Header Files</Filter>
    </ClInclude>
    <ClInclude Include="d3dx12.h">
      <Filter>Header Files</Filter>
    </ClInclude>
    <ClInclude Include="BaseTreeNode.h">
      <Filter>Header Files</Filter>
    </ClInclude>
    <ClInclude Include="wxScene.h">
      <Filter>Header Files</Filter>
    </ClInclude>
    <ClInclude Include="SceneObject.h">
      <Filter>Header Files</Filter>
    </ClInclude>
    <ClInclude Include="BaseSceneObject.h">
      <Filter>Header Files</Filter>
    </ClInclude>
    <ClInclude Include="SceneNode.h">
      <Filter>Header Files</Filter>
    </ClInclude>
    <ClInclude Include="Mesh.h">
      <Filter>Header Files</Filter>
    </ClInclude>
    <ClInclude Include="util.h">
      <Filter>Header Files</Filter>
    </ClInclude>
    <ClInclude Include="SceneManager.h">
      <Filter>Header Files</Filter>
    </ClInclude>
    <ClInclude Include="Scene.h">
      <Filter>Header Files</Filter>
    </ClInclude>
    <ClInclude Include="wxTimer.h">
      <Filter>Header Files</Filter>
    </ClInclude>
    <ClInclude Include="Intersection.h">
      <Filter>Header Files</Filter>
    </ClInclude>
    <ClInclude Include="Primitive.h">
      <Filter>Header Files</Filter>
    </ClInclude>
    <ClInclude Include="wxDeviceInput.h">
      <Filter>Header Files</Filter>
    </ClInclude>
  </ItemGroup>
  <ItemGroup>
    <Filter Include="Source Files">
      <UniqueIdentifier>{6a2be21b-dfc8-4998-9ca3-455d4566c5f0}</UniqueIdentifier>
    </Filter>
    <Filter Include="Header Files">
      <UniqueIdentifier>{f4fa758c-a6ad-434a-bb14-ae5464868893}</UniqueIdentifier>
    </Filter>
    <Filter Include="Asset Files">
      <UniqueIdentifier>{a8094450-70e6-40a8-aa45-cc554321bdd4}</UniqueIdentifier>
    </Filter>
    <Filter Include="Shader Files">
      <UniqueIdentifier>{a38d6ff1-4015-44f8-8fa2-8ea328529ef4}</UniqueIdentifier>
    </Filter>
  </ItemGroup>
  <ItemGroup>
    <FxCompile Include="lighting.hlsl">
      <Filter>Shader Files</Filter>
    </FxCompile>
    <FxCompile Include="ps.hlsl">
      <Filter>Shader Files</Filter>
    </FxCompile>
    <FxCompile Include="vs.hlsl">
      <Filter>Shader Files</Filter>
    </FxCompile>
    <FxCompile Include="shadow_map_p.hlsl">
      <Filter>Shader Files</Filter>
    </FxCompile>
    <FxCompile Include="shadow_map_v.hlsl">
      <Filter>Shader Files</Filter>
    </FxCompile>
    <FxCompile Include="normals_ps.hlsl">
      <Filter>Shader Files</Filter>
    </FxCompile>
    <FxCompile Include="normals_vs.hlsl">
      <Filter>Shader Files</Filter>
    </FxCompile>
    <FxCompile Include="ssao_vs.hlsl">
      <Filter>Shader Files</Filter>
    </FxCompile>
    <FxCompile Include="ssao_ps.hlsl">
      <Filter>Shader Files</Filter>
    </FxCompile>
    <FxCompile Include="blurssao_vs.hlsl">
      <Filter>Shader Files</Filter>
    </FxCompile>
    <FxCompile Include="blurssao_ps.hlsl">
      <Filter>Shader Files</Filter>
    </FxCompile>
    <FxCompile Include="bounding_box_p.hlsl">
      <Filter>Shader Files</Filter>
    </FxCompile>
    <FxCompile Include="bounding_box_v.hlsl">
      <Filter>Shader Files</Filter>
    </FxCompile>
    <FxCompile Include="common.hlsl">
      <Filter>Shader Files</Filter>
    </FxCompile>
    <FxCompile Include="skybox_vs.hlsl">
      <Filter>Shader Files</Filter>
    </FxCompile>
    <FxCompile Include="skybox_ps.hlsl">
      <Filter>Shader Files</Filter>
    </FxCompile>
  </ItemGroup>
</Project>